
Microsoft Visual Studio Solution File, Format Version 12.00
# Visual Studio Version 17
VisualStudioVersion = 17.4.33213.308
MinimumVisualStudioVersion = 10.0.40219.1
Project("{9A19103F-16F7-4668-BE54-9A1E7A4F7556}") = "Week6StringsAndArrays", "Week6StringsAndArrays\Week6StringsAndArrays.csproj", "{3991EF2B-FA23-4F4B-8D19-4CC0F3960C89}"
EndProject
Project("{9A19103F-16F7-4668-BE54-9A1E7A4F7556}") = "Week6StringAndArrays_Ver.2", "Week6StringAndArrays_Ver.2\Week6StringAndArrays_Ver.2.csproj", "{36B6BA4E-8A1E-4FDE-A860-DC0688A3084C}"
EndProject
Project("{9A19103F-16F7-4668-BE54-9A1E7A4F7556}") = "Arrays", "Arrays\Arrays.csproj", "{F12F615F-7C33-4B4D-B6E1-FE52CBFBA120}"
EndProject
Project("{FAE04EC0-301F-11D3-BF4B-00C04F79EFBC}") = "NumberArrays", "NumberArrays\NumberArrays.csproj", "{A25C54E3-B6C3-4C09-B131-3C90F8E63C1D}"
EndProject
Project("{FAE04EC0-301F-11D3-BF4B-00C04F79EFBC}") = "RandomElement", "RandomElement\RandomElement.csproj", "{30B77A67-226A-4146-A6AA-97F116404A88}"
EndProject
Global
	GlobalSection(SolutionConfigurationPlatforms) = preSolution
		Debug|Any CPU = Debug|Any CPU
		Release|Any CPU = Release|Any CPU
	EndGlobalSection
	GlobalSection(ProjectConfigurationPlatforms) = postSolution
		{3991EF2B-FA23-4F4B-8D19-4CC0F3960C89}.Debug|Any CPU.ActiveCfg = Debug|Any CPU
		{3991EF2B-FA23-4F4B-8D19-4CC0F3960C89}.Debug|Any CPU.Build.0 = Debug|Any CPU
		{3991EF2B-FA23-4F4B-8D19-4CC0F3960C89}.Release|Any CPU.ActiveCfg = Release|Any CPU
		{3991EF2B-FA23-4F4B-8D19-4CC0F3960C89}.Release|Any CPU.Build.0 = Release|Any CPU
		{36B6BA4E-8A1E-4FDE-A860-DC0688A3084C}.Debug|Any CPU.ActiveCfg = Debug|Any CPU
		{36B6BA4E-8A1E-4FDE-A860-DC0688A3084C}.Debug|Any CPU.Build.0 = Debug|Any CPU
		{36B6BA4E-8A1E-4FDE-A860-DC0688A3084C}.Release|Any CPU.ActiveCfg = Release|Any CPU
		{36B6BA4E-8A1E-4FDE-A860-DC0688A3084C}.Release|Any CPU.Build.0 = Release|Any CPU
		{F12F615F-7C33-4B4D-B6E1-FE52CBFBA120}.Debug|Any CPU.ActiveCfg = Debug|Any CPU
		{F12F615F-7C33-4B4D-B6E1-FE52CBFBA120}.Debug|Any CPU.Build.0 = Debug|Any CPU
		{F12F615F-7C33-4B4D-B6E1-FE52CBFBA120}.Release|Any CPU.ActiveCfg = Release|Any CPU
		{F12F615F-7C33-4B4D-B6E1-FE52CBFBA120}.Release|Any CPU.Build.0 = Release|Any CPU
		{A25C54E3-B6C3-4C09-B131-3C90F8E63C1D}.Debug|Any CPU.ActiveCfg = Debug|Any CPU
		{A25C54E3-B6C3-4C09-B131-3C90F8E63C1D}.Debug|Any CPU.Build.0 = Debug|Any CPU
		{A25C54E3-B6C3-4C09-B131-3C90F8E63C1D}.Release|Any CPU.ActiveCfg = Release|Any CPU
		{A25C54E3-B6C3-4C09-B131-3C90F8E63C1D}.Release|Any CPU.Build.0 = Release|Any CPU
		{30B77A67-226A-4146-A6AA-97F116404A88}.Debug|Any CPU.ActiveCfg = Debug|Any CPU
		{30B77A67-226A-4146-A6AA-97F116404A88}.Debug|Any CPU.Build.0 = Debug|Any CPU
		{30B77A67-226A-4146-A6AA-97F116404A88}.Release|Any CPU.ActiveCfg = Release|Any CPU
		{30B77A67-226A-4146-A6AA-97F116404A88}.Release|Any CPU.Build.0 = Release|Any CPU
	EndGlobalSection
	GlobalSection(SolutionProperties) = preSolution
		HideSolutionNode = FALSE
	EndGlobalSection
	GlobalSection(ExtensibilityGlobals) = postSolution
		SolutionGuid = {0D8124C8-0732-451D-B4C9-2B6AA1AF9E71}
	EndGlobalSection
EndGlobal
